{
    "_meta": {
        "hash": {
            "sha256": "6cdea1a9fada9e4613d30f0acbdd1d22d77bcec59e60148aba7bb5064a81534f"
        },
        "pipfile-spec": 6,
        "requires": {
            "python_version": "3.8"
        },
        "sources": [
            {
                "name": "pypi",
                "url": "https://pypi.python.org/simple",
                "verify_ssl": true
            }
        ]
    },
    "default": {
        "certifi": {
            "hashes": [
                "sha256:1a4995114262bffbc2413b159f2a1a480c969de6e6eb13ee966d470af86af59c",
                "sha256:719a74fb9e33b9bd44cc7f3a8d94bc35e4049deebe19ba7d8e108280cfd59830"
            ],
            "version": "==2020.12.5"
        },
        "chardet": {
            "hashes": [
                "sha256:0d6f53a15db4120f2b08c94f11e7d93d2c911ee118b6b30a04ec3ee8310179fa",
                "sha256:f864054d66fd9118f2e67044ac8981a54775ec5b67aed0441892edb553d21da5"
            ],
            "version": "==4.0.0"
        },
        "dpath": {
            "hashes": [
                "sha256:bea06b5f4ff620a28dfc9848cf4d6b2bfeed34238edeb8ebe815c433b54eb1fa"
            ],
            "index": "pypi",
            "version": "==2.0.1"
        },
        "idna": {
            "hashes": [
                "sha256:b307872f855b18632ce0c21c5e45be78c0ea7ae4c15c828c20788b26921eb3f6",
                "sha256:b97d804b1e9b523befed77c48dacec60e6dcb0b5391d57af6a65a312a90648c0"
            ],
            "version": "==2.10"
        },
        "opentsdb-py": {
            "hashes": [
                "sha256:3c89ac3f331bdda003f66b97b01fdfe7efffb73a5ea94da062d1870b8b6a635a",
                "sha256:47f214f66bd5c3c03f2024a0877b06f317866699320aa02ec7550f487ee4d6bd"
            ],
            "index": "pypi",
            "version": "==0.6.0"
        },
        "python-daikin-altherma": {
            "hashes": [
                "sha256:0e2252dd5fece991e8273f1c3ff8cd10e54f5e39186765bc20772b5eac643501",
                "sha256:8a392b24dd53aa77afd8992e0030dcf4becc2de4262c89906bab92bfb81c2e6e"
            ],
            "index": "pypi",
            "version": "==0.0.2"
        },
        "requests": {
            "hashes": [
                "sha256:27973dd4a904a4f13b263a19c866c13b92a39ed1c964655f025f3f8d3d75b804",
                "sha256:c210084e36a42ae6b9219e00e48287def368a26d03a048ddad7bfee44f75871e"
            ],
            "version": "==2.25.1"
        },
        "six": {
            "hashes": [
                "sha256:30639c035cdb23534cd4aa2dd52c3bf48f06e5f4a941509c8bafd8ce11080259",
                "sha256:8b74bedcbbbaca38ff6d7491d76f2b06b3592611af620f8426e82dddb04a5ced"
            ],
            "version": "==1.15.0"
        },
        "urllib3": {
            "hashes": [
                "sha256:1b465e494e3e0d8939b50680403e3aedaa2bc434b7d5af64dfd3c958d7f5ae80",
                "sha256:de3eedaad74a2683334e282005cd8d7f22f4d55fa690a2a1020a416cb0a47e73"
            ],
            "version": "==1.26.3"
        },
        "websocket-client": {
            "hashes": [
                "sha256:0fc45c961324d79c781bab301359d5a1b00b13ad1b10415a4780229ef71a5549",
                "sha256:d735b91d6d1692a6a181f2a8c9e0238e5f6373356f561bb9dc4c7af36f452010"
            ],
            "index": "pypi",
            "version": "==0.57.0"
        }
    },
    "develop": {}
}
